{
  "name": "JS_Libraries",
  "lockfileVersion": 2,
  "requires": true,
  "packages": {
    "": {
      "dependencies": {
        "@glidejs/glide": "^3.6.0",
        "animate.css": "^4.1.1",
        "bootstrap": "^5.3.0",
        "bootstrap-icons": "^1.10.5",
        "chart.js": "^4.3.0",
        "counterup2": "^2.0.2",
        "lodash": "^4.17.21",
        "moment": "^2.29.4",
        "sweetalert2": "^11.7.12",
        "typed.js": "^2.0.16",
        "venobox": "^2.0.4",
        "waypoints": "^4.0.1",
        "wow.js": "^1.2.2"
      }
    },
    "node_modules/@glidejs/glide": {
      "version": "3.6.0",
      "resolved": "https://registry.npmjs.org/@glidejs/glide/-/glide-3.6.0.tgz",
      "integrity": "sha512-47Aa+JmYjY4xTFpTtYCwrqirmI1arnp1UZETwtWpbTPisXUAuxrdJxKJLH8KHFWMsSrLi9+AcfyfzDIuO75rEA=="
    },
    "node_modules/@kurkle/color": {
      "version": "0.3.2",
      "resolved": "https://registry.npmjs.org/@kurkle/color/-/color-0.3.2.tgz",
      "integrity": "sha512-fuscdXJ9G1qb7W8VdHi+IwRqij3lBkosAm4ydQtEmbY58OzHXqQhvlxqEkoz0yssNVn38bcpRWgA9PP+OGoisw=="
    },
    "node_modules/@popperjs/core": {
      "version": "2.11.8",
      "resolved": "https://registry.npmjs.org/@popperjs/core/-/core-2.11.8.tgz",
      "integrity": "sha512-P1st0aksCrn9sGZhp8GMYwBnQsbvAWsZAX44oXNNvLHGqAOcoVxmjZiohstwQ7SqKnbR47akdNi+uleWD8+g6A==",
      "peer": true,
      "funding": {
        "type": "opencollective",
        "url": "https://opencollective.com/popperjs"
      }
    },
    "node_modules/animate.css": {
      "version": "4.1.1",
      "resolved": "https://registry.npmjs.org/animate.css/-/animate.css-4.1.1.tgz",
      "integrity": "sha512-+mRmCTv6SbCmtYJCN4faJMNFVNN5EuCTTprDTAo7YzIGji2KADmakjVA3+8mVDkZ2Bf09vayB35lSQIex2+QaQ=="
    },
    "node_modules/bootstrap": {
      "version": "5.3.0",
      "resolved": "https://registry.npmjs.org/bootstrap/-/bootstrap-5.3.0.tgz",
      "integrity": "sha512-UnBV3E3v4STVNQdms6jSGO2CvOkjUMdDAVR2V5N4uCMdaIkaQjbcEAMqRimDHIs4uqBYzDAKCQwCB+97tJgHQw==",
      "funding": [
        {
          "type": "github",
          "url": "https://github.com/sponsors/twbs"
        },
        {
          "type": "opencollective",
          "url": "https://opencollective.com/bootstrap"
        }
      ],
      "peerDependencies": {
        "@popperjs/core": "^2.11.7"
      }
    },
    "node_modules/bootstrap-icons": {
      "version": "1.10.5",
      "resolved": "https://registry.npmjs.org/bootstrap-icons/-/bootstrap-icons-1.10.5.tgz",
      "integrity": "sha512-oSX26F37V7QV7NCE53PPEL45d7EGXmBgHG3pDpZvcRaKVzWMqIRL9wcqJUyEha1esFtM3NJzvmxFXDxjJYD0jQ==",
      "funding": [
        {
          "type": "github",
          "url": "https://github.com/sponsors/twbs"
        },
        {
          "type": "opencollective",
          "url": "https://opencollective.com/bootstrap"
        }
      ]
    },
    "node_modules/chart.js": {
      "version": "4.3.0",
      "resolved": "https://registry.npmjs.org/chart.js/-/chart.js-4.3.0.tgz",
      "integrity": "sha512-ynG0E79xGfMaV2xAHdbhwiPLczxnNNnasrmPEXriXsPJGjmhOBYzFVEsB65w2qMDz+CaBJJuJD0inE/ab/h36g==",
      "dependencies": {
        "@kurkle/color": "^0.3.0"
      },
      "engines": {
        "pnpm": ">=7"
      }
    },
    "node_modules/counterup2": {
      "version": "2.0.2",
      "resolved": "https://registry.npmjs.org/counterup2/-/counterup2-2.0.2.tgz",
      "integrity": "sha512-+drmqOOcOa17KJG9o5+wGuEgLVh4wdb2pkpGlCu3MtQ2idB73V8yJEb8WyINZ1+Fjy7dLiWKa0wihvYzk/n32A=="
    },
    "node_modules/lodash": {
      "version": "4.17.21",
      "resolved": "https://registry.npmjs.org/lodash/-/lodash-4.17.21.tgz",
      "integrity": "sha512-v2kDEe57lecTulaDIuNTPy3Ry4gLGJ6Z1O3vE1krgXZNrsQ+LFTGHVxVjcXPs17LhbZVGedAJv8XZ1tvj5FvSg=="
    },
    "node_modules/moment": {
      "version": "2.29.4",
      "resolved": "https://registry.npmjs.org/moment/-/moment-2.29.4.tgz",
      "integrity": "sha512-5LC9SOxjSc2HF6vO2CyuTDNivEdoz2IvyJJGj6X8DJ0eFyfszE0QiEd+iXmBvUP3WHxSjFH/vIsA0EN00cgr8w==",
      "engines": {
        "node": "*"
      }
    },
    "node_modules/sweetalert2": {
      "version": "11.7.12",
      "resolved": "https://registry.npmjs.org/sweetalert2/-/sweetalert2-11.7.12.tgz",
      "integrity": "sha512-TQJy8mQymJLzqWPQOMQErd81Zd/rSYr0UL4pEc7bqEihtjS+zt7LWJXLhfPp93e+Hf3Z2FHMB6QGNskAMCsdTg==",
      "funding": {
        "type": "individual",
        "url": "https://github.com/sponsors/limonte"
      }
    },
    "node_modules/typed.js": {
      "version": "2.0.16",
      "resolved": "https://registry.npmjs.org/typed.js/-/typed.js-2.0.16.tgz",
      "integrity": "sha512-IBB52GlJiTUOnomwdVVf7lWgC6gScn8md+26zTHj5oJWA+4pSuclHE76rbGI2hnyO+NT+QXdIUHbfjAY5nEtcw=="
    },
    "node_modules/venobox": {
      "version": "2.0.4",
      "resolved": "https://registry.npmjs.org/venobox/-/venobox-2.0.4.tgz",
      "integrity": "sha512-+AMA5+Y/Ul9uSUk0I4lYG0DLVJDZmRq1TWXr51jZSz+zPyLWx4Uxwh68W9nYoqqWFrsWJiZPVpr1xzYYSjQlDw=="
    },
    "node_modules/waypoints": {
      "version": "4.0.1",
      "resolved": "https://registry.npmjs.org/waypoints/-/waypoints-4.0.1.tgz",
      "integrity": "sha512-PbydbsTvCFYoE1DaRAKBM4xPQi+7ULcULZ7vK79NLM55da5g46oyY62Xv9X5Z9F7O/qXmcS/XJ7Ae2pYij4bpw=="
    },
    "node_modules/wow.js": {
      "version": "1.2.2",
      "resolved": "https://registry.npmjs.org/wow.js/-/wow.js-1.2.2.tgz",
      "integrity": "sha512-YTW9eiZimHCJDWofsiz2507txaPteUiQD461I/D8533AiRAn3+Y68/1LDuQ3OTgPjagGZLPYKrpoSgjzeQrO6A==",
      "deprecated": "deprecated in favour of aos (Animate On Scroll)"
    }
  },
  "dependencies": {
    "@glidejs/glide": {
      "version": "3.6.0",
      "resolved": "https://registry.npmjs.org/@glidejs/glide/-/glide-3.6.0.tgz",
      "integrity": "sha512-47Aa+JmYjY4xTFpTtYCwrqirmI1arnp1UZETwtWpbTPisXUAuxrdJxKJLH8KHFWMsSrLi9+AcfyfzDIuO75rEA=="
    },
    "@kurkle/color": {
      "version": "0.3.2",
      "resolved": "https://registry.npmjs.org/@kurkle/color/-/color-0.3.2.tgz",
      "integrity": "sha512-fuscdXJ9G1qb7W8VdHi+IwRqij3lBkosAm4ydQtEmbY58OzHXqQhvlxqEkoz0yssNVn38bcpRWgA9PP+OGoisw=="
    },
    "@popperjs/core": {
      "version": "2.11.8",
      "resolved": "https://registry.npmjs.org/@popperjs/core/-/core-2.11.8.tgz",
      "integrity": "sha512-P1st0aksCrn9sGZhp8GMYwBnQsbvAWsZAX44oXNNvLHGqAOcoVxmjZiohstwQ7SqKnbR47akdNi+uleWD8+g6A==",
      "peer": true
    },
    "animate.css": {
      "version": "4.1.1",
      "resolved": "https://registry.npmjs.org/animate.css/-/animate.css-4.1.1.tgz",
      "integrity": "sha512-+mRmCTv6SbCmtYJCN4faJMNFVNN5EuCTTprDTAo7YzIGji2KADmakjVA3+8mVDkZ2Bf09vayB35lSQIex2+QaQ=="
    },
    "bootstrap": {
      "version": "5.3.0",
      "resolved": "https://registry.npmjs.org/bootstrap/-/bootstrap-5.3.0.tgz",
      "integrity": "sha512-UnBV3E3v4STVNQdms6jSGO2CvOkjUMdDAVR2V5N4uCMdaIkaQjbcEAMqRimDHIs4uqBYzDAKCQwCB+97tJgHQw==",
      "requires": {}
    },
    "bootstrap-icons": {
      "version": "1.10.5",
      "resolved": "https://registry.npmjs.org/bootstrap-icons/-/bootstrap-icons-1.10.5.tgz",
      "integrity": "sha512-oSX26F37V7QV7NCE53PPEL45d7EGXmBgHG3pDpZvcRaKVzWMqIRL9wcqJUyEha1esFtM3NJzvmxFXDxjJYD0jQ=="
    },
    "chart.js": {
      "version": "4.3.0",
      "resolved": "https://registry.npmjs.org/chart.js/-/chart.js-4.3.0.tgz",
      "integrity": "sha512-ynG0E79xGfMaV2xAHdbhwiPLczxnNNnasrmPEXriXsPJGjmhOBYzFVEsB65w2qMDz+CaBJJuJD0inE/ab/h36g==",
      "requires": {
        "@kurkle/color": "^0.3.0"
      }
    },
    "counterup2": {
      "version": "2.0.2",
      "resolved": "https://registry.npmjs.org/counterup2/-/counterup2-2.0.2.tgz",
      "integrity": "sha512-+drmqOOcOa17KJG9o5+wGuEgLVh4wdb2pkpGlCu3MtQ2idB73V8yJEb8WyINZ1+Fjy7dLiWKa0wihvYzk/n32A=="
    },
    "lodash": {
      "version": "4.17.21",
      "resolved": "https://registry.npmjs.org/lodash/-/lodash-4.17.21.tgz",
      "integrity": "sha512-v2kDEe57lecTulaDIuNTPy3Ry4gLGJ6Z1O3vE1krgXZNrsQ+LFTGHVxVjcXPs17LhbZVGedAJv8XZ1tvj5FvSg=="
    },
    "moment": {
      "version": "2.29.4",
      "resolved": "https://registry.npmjs.org/moment/-/moment-2.29.4.tgz",
      "integrity": "sha512-5LC9SOxjSc2HF6vO2CyuTDNivEdoz2IvyJJGj6X8DJ0eFyfszE0QiEd+iXmBvUP3WHxSjFH/vIsA0EN00cgr8w=="
    },
    "sweetalert2": {
      "version": "11.7.12",
      "resolved": "https://registry.npmjs.org/sweetalert2/-/sweetalert2-11.7.12.tgz",
      "integrity": "sha512-TQJy8mQymJLzqWPQOMQErd81Zd/rSYr0UL4pEc7bqEihtjS+zt7LWJXLhfPp93e+Hf3Z2FHMB6QGNskAMCsdTg=="
    },
    "typed.js": {
      "version": "2.0.16",
      "resolved": "https://registry.npmjs.org/typed.js/-/typed.js-2.0.16.tgz",
      "integrity": "sha512-IBB52GlJiTUOnomwdVVf7lWgC6gScn8md+26zTHj5oJWA+4pSuclHE76rbGI2hnyO+NT+QXdIUHbfjAY5nEtcw=="
    },
    "venobox": {
      "version": "2.0.4",
      "resolved": "https://registry.npmjs.org/venobox/-/venobox-2.0.4.tgz",
      "integrity": "sha512-+AMA5+Y/Ul9uSUk0I4lYG0DLVJDZmRq1TWXr51jZSz+zPyLWx4Uxwh68W9nYoqqWFrsWJiZPVpr1xzYYSjQlDw=="
    },
    "waypoints": {
      "version": "4.0.1",
      "resolved": "https://registry.npmjs.org/waypoints/-/waypoints-4.0.1.tgz",
      "integrity": "sha512-PbydbsTvCFYoE1DaRAKBM4xPQi+7ULcULZ7vK79NLM55da5g46oyY62Xv9X5Z9F7O/qXmcS/XJ7Ae2pYij4bpw=="
    },
    "wow.js": {
      "version": "1.2.2",
      "resolved": "https://registry.npmjs.org/wow.js/-/wow.js-1.2.2.tgz",
      "integrity": "sha512-YTW9eiZimHCJDWofsiz2507txaPteUiQD461I/D8533AiRAn3+Y68/1LDuQ3OTgPjagGZLPYKrpoSgjzeQrO6A=="
    }
  }
}
